{
  "name": "example",
  "version": "1.0.0",
  "lockfileVersion": 3,
  "requires": true,
  "packages": {
    "": {
      "name": "example",
      "version": "1.0.0",
      "license": "ISC",
      "dependencies": {
        "jetpath": "file:../../../../zips/jetpath-1.12.4.tgz"
      }
    },
    "node_modules/jetpath": {
      "version": "1.12.4",
      "resolved": "file:../../../../zips/jetpath-1.12.4.tgz",
      "integrity": "sha512-1C0pQ0B4hoObRKChoB7rjbrpyK3yYATgAlN+VXpGU8bdFUpxCHkHksFcxU65+8dm5MbeSMVLZV4GsIi5fCCxGg==",
      "license": "Apache",
      "bin": {
        "jetpath": "dist/cli.js"
      },
      "engines": {
        "bun": ">=0.1.0",
        "node": ">=14.0.0"
      }
    }
  }
}
